// !$*UTF8*$!
{
	archiveVersion = 1;
	classes = {
	};
	objectVersion = 56;
	objects = {

/* Begin PBXBuildFile section */
		B03F19B62BDE463B003DB8ED /* resources_list.json in Resources */ = {isa = PBXBuildFile; fileRef = B0B5DF7C2BDE423B000AD8A1 /* resources_list.json */; };
		B08FF7C62BE4F48B005337A2 /* ImageLoaderTest.swift in Sources */ = {isa = PBXBuildFile; fileRef = B08FF7C52BE4F48B005337A2 /* ImageLoaderTest.swift */; };
		B0B5DF2E2BDE133A000AD8A1 /* RickMortyAppApp.swift in Sources */ = {isa = PBXBuildFile; fileRef = B0B5DF2D2BDE133A000AD8A1 /* RickMortyAppApp.swift */; };
		B0B5DF302BDE133A000AD8A1 /* CharactersListView.swift in Sources */ = {isa = PBXBuildFile; fileRef = B0B5DF2F2BDE133A000AD8A1 /* CharactersListView.swift */; };
		B0B5DF322BDE133C000AD8A1 /* Assets.xcassets in Resources */ = {isa = PBXBuildFile; fileRef = B0B5DF312BDE133C000AD8A1 /* Assets.xcassets */; };
		B0B5DF352BDE133C000AD8A1 /* Preview Assets.xcassets in Resources */ = {isa = PBXBuildFile; fileRef = B0B5DF342BDE133C000AD8A1 /* Preview Assets.xcassets */; };
		B0B5DF3F2BDE133D000AD8A1 /* CharacterListViewModelTest.swift in Sources */ = {isa = PBXBuildFile; fileRef = B0B5DF3E2BDE133D000AD8A1 /* CharacterListViewModelTest.swift */; };
		B0B5DF5C2BDE1BB0000AD8A1 /* Character.swift in Sources */ = {isa = PBXBuildFile; fileRef = B0B5DF5B2BDE1BB0000AD8A1 /* Character.swift */; };
		B0B5DF5F2BDE1D25000AD8A1 /* HttpClient.swift in Sources */ = {isa = PBXBuildFile; fileRef = B0B5DF5E2BDE1D25000AD8A1 /* HttpClient.swift */; };
		B0B5DF612BDE1D30000AD8A1 /* Constants.swift in Sources */ = {isa = PBXBuildFile; fileRef = B0B5DF602BDE1D30000AD8A1 /* Constants.swift */; };
		B0B5DF662BDE3586000AD8A1 /* CharacterService.swift in Sources */ = {isa = PBXBuildFile; fileRef = B0B5DF652BDE3586000AD8A1 /* CharacterService.swift */; };
		B0B5DF682BDE3596000AD8A1 /* CharacterClient.swift in Sources */ = {isa = PBXBuildFile; fileRef = B0B5DF672BDE3596000AD8A1 /* CharacterClient.swift */; };
		B0B5DF6A2BDE35A3000AD8A1 /* CharacterPreviewClient.swift in Sources */ = {isa = PBXBuildFile; fileRef = B0B5DF692BDE35A3000AD8A1 /* CharacterPreviewClient.swift */; };
		B0B5DF6C2BDE3625000AD8A1 /* CharacterCell.swift in Sources */ = {isa = PBXBuildFile; fileRef = B0B5DF6B2BDE3625000AD8A1 /* CharacterCell.swift */; };
		B0B5DF6E2BDE366B000AD8A1 /* CharacterCellViewModel.swift in Sources */ = {isa = PBXBuildFile; fileRef = B0B5DF6D2BDE366B000AD8A1 /* CharacterCellViewModel.swift */; };
		B0B5DF702BDE37D5000AD8A1 /* CharacterListViewModel.swift in Sources */ = {isa = PBXBuildFile; fileRef = B0B5DF6F2BDE37D5000AD8A1 /* CharacterListViewModel.swift */; };
		B0B5DF722BDE39E9000AD8A1 /* CharacterDetailView.swift in Sources */ = {isa = PBXBuildFile; fileRef = B0B5DF712BDE39E9000AD8A1 /* CharacterDetailView.swift */; };
		B0B5DF762BDE3E51000AD8A1 /* ImageLoaderViewModel.swift in Sources */ = {isa = PBXBuildFile; fileRef = B0B5DF752BDE3E51000AD8A1 /* ImageLoaderViewModel.swift */; };
		B0B5DF782BDE3E9D000AD8A1 /* ImageLoadingView.swift in Sources */ = {isa = PBXBuildFile; fileRef = B0B5DF772BDE3E9D000AD8A1 /* ImageLoadingView.swift */; };
		B0B5DF7A2BDE405C000AD8A1 /* Launch Screen.storyboard in Resources */ = {isa = PBXBuildFile; fileRef = B0B5DF792BDE405C000AD8A1 /* Launch Screen.storyboard */; };
		B0B5DF7D2BDE423B000AD8A1 /* resources_list.json in Sources */ = {isa = PBXBuildFile; fileRef = B0B5DF7C2BDE423B000AD8A1 /* resources_list.json */; };
		B0B5DF7F2BDE428C000AD8A1 /* MockCharacterClient.swift in Sources */ = {isa = PBXBuildFile; fileRef = B0B5DF7E2BDE428C000AD8A1 /* MockCharacterClient.swift */; };
		B0B5DF822BDE42ED000AD8A1 /* Character+Mock.swift in Sources */ = {isa = PBXBuildFile; fileRef = B0B5DF812BDE42ED000AD8A1 /* Character+Mock.swift */; };
		B0C8FCD02BEA6E1F00733F29 /* Character+Mock.swift in Sources */ = {isa = PBXBuildFile; fileRef = B0B5DF812BDE42ED000AD8A1 /* Character+Mock.swift */; };
		B0C8FCD22BEA6E9A00733F29 /* resources_list.json in Resources */ = {isa = PBXBuildFile; fileRef = B0B5DF7C2BDE423B000AD8A1 /* resources_list.json */; };
		B0C8FCD32BEA715B00733F29 /* Assets.xcassets in Resources */ = {isa = PBXBuildFile; fileRef = B0B5DF312BDE133C000AD8A1 /* Assets.xcassets */; };
		B0C8FCD82BEA782E00733F29 /* avatar52.jpeg in Resources */ = {isa = PBXBuildFile; fileRef = B0C8FCD72BEA782E00733F29 /* avatar52.jpeg */; };
/* End PBXBuildFile section */

/* Begin PBXContainerItemProxy section */
		B0B5DF3B2BDE133D000AD8A1 /* PBXContainerItemProxy */ = {
			isa = PBXContainerItemProxy;
			containerPortal = B0B5DF222BDE133A000AD8A1 /* Project object */;
			proxyType = 1;
			remoteGlobalIDString = B0B5DF292BDE133A000AD8A1;
			remoteInfo = RickMortyApp;
		};
/* End PBXContainerItemProxy section */

/* Begin PBXFileReference section */
		B08FF7C52BE4F48B005337A2 /* ImageLoaderTest.swift */ = {isa = PBXFileReference; lastKnownFileType = sourcecode.swift; path = ImageLoaderTest.swift; sourceTree = "<group>"; };
		B0B5DF2A2BDE133A000AD8A1 /* RickMortyApp.app */ = {isa = PBXFileReference; explicitFileType = wrapper.application; includeInIndex = 0; path = RickMortyApp.app; sourceTree = BUILT_PRODUCTS_DIR; };
		B0B5DF2D2BDE133A000AD8A1 /* RickMortyAppApp.swift */ = {isa = PBXFileReference; lastKnownFileType = sourcecode.swift; path = RickMortyAppApp.swift; sourceTree = "<group>"; };
		B0B5DF2F2BDE133A000AD8A1 /* CharactersListView.swift */ = {isa = PBXFileReference; lastKnownFileType = sourcecode.swift; path = CharactersListView.swift; sourceTree = "<group>"; };
		B0B5DF312BDE133C000AD8A1 /* Assets.xcassets */ = {isa = PBXFileReference; lastKnownFileType = folder.assetcatalog; path = Assets.xcassets; sourceTree = "<group>"; };
		B0B5DF342BDE133C000AD8A1 /* Preview Assets.xcassets */ = {isa = PBXFileReference; lastKnownFileType = folder.assetcatalog; path = "Preview Assets.xcassets"; sourceTree = "<group>"; };
		B0B5DF3A2BDE133D000AD8A1 /* RickMortyAppTests.xctest */ = {isa = PBXFileReference; explicitFileType = wrapper.cfbundle; includeInIndex = 0; path = RickMortyAppTests.xctest; sourceTree = BUILT_PRODUCTS_DIR; };
		B0B5DF3E2BDE133D000AD8A1 /* CharacterListViewModelTest.swift */ = {isa = PBXFileReference; lastKnownFileType = sourcecode.swift; path = CharacterListViewModelTest.swift; sourceTree = "<group>"; };
		B0B5DF5B2BDE1BB0000AD8A1 /* Character.swift */ = {isa = PBXFileReference; lastKnownFileType = sourcecode.swift; path = Character.swift; sourceTree = "<group>"; };
		B0B5DF5E2BDE1D25000AD8A1 /* HttpClient.swift */ = {isa = PBXFileReference; lastKnownFileType = sourcecode.swift; path = HttpClient.swift; sourceTree = "<group>"; };
		B0B5DF602BDE1D30000AD8A1 /* Constants.swift */ = {isa = PBXFileReference; lastKnownFileType = sourcecode.swift; path = Constants.swift; sourceTree = "<group>"; };
		B0B5DF652BDE3586000AD8A1 /* CharacterService.swift */ = {isa = PBXFileReference; lastKnownFileType = sourcecode.swift; path = CharacterService.swift; sourceTree = "<group>"; };
		B0B5DF672BDE3596000AD8A1 /* CharacterClient.swift */ = {isa = PBXFileReference; lastKnownFileType = sourcecode.swift; path = CharacterClient.swift; sourceTree = "<group>"; };
		B0B5DF692BDE35A3000AD8A1 /* CharacterPreviewClient.swift */ = {isa = PBXFileReference; lastKnownFileType = sourcecode.swift; path = CharacterPreviewClient.swift; sourceTree = "<group>"; };
		B0B5DF6B2BDE3625000AD8A1 /* CharacterCell.swift */ = {isa = PBXFileReference; lastKnownFileType = sourcecode.swift; path = CharacterCell.swift; sourceTree = "<group>"; };
		B0B5DF6D2BDE366B000AD8A1 /* CharacterCellViewModel.swift */ = {isa = PBXFileReference; lastKnownFileType = sourcecode.swift; path = CharacterCellViewModel.swift; sourceTree = "<group>"; };
		B0B5DF6F2BDE37D5000AD8A1 /* CharacterListViewModel.swift */ = {isa = PBXFileReference; lastKnownFileType = sourcecode.swift; path = CharacterListViewModel.swift; sourceTree = "<group>"; };
		B0B5DF712BDE39E9000AD8A1 /* CharacterDetailView.swift */ = {isa = PBXFileReference; lastKnownFileType = sourcecode.swift; path = CharacterDetailView.swift; sourceTree = "<group>"; };
		B0B5DF752BDE3E51000AD8A1 /* ImageLoaderViewModel.swift */ = {isa = PBXFileReference; lastKnownFileType = sourcecode.swift; path = ImageLoaderViewModel.swift; sourceTree = "<group>"; };
		B0B5DF772BDE3E9D000AD8A1 /* ImageLoadingView.swift */ = {isa = PBXFileReference; lastKnownFileType = sourcecode.swift; path = ImageLoadingView.swift; sourceTree = "<group>"; };
		B0B5DF792BDE405C000AD8A1 /* Launch Screen.storyboard */ = {isa = PBXFileReference; lastKnownFileType = file.storyboard; path = "Launch Screen.storyboard"; sourceTree = "<group>"; };
		B0B5DF7C2BDE423B000AD8A1 /* resources_list.json */ = {isa = PBXFileReference; lastKnownFileType = text.json; path = resources_list.json; sourceTree = "<group>"; };
		B0B5DF7E2BDE428C000AD8A1 /* MockCharacterClient.swift */ = {isa = PBXFileReference; lastKnownFileType = sourcecode.swift; path = MockCharacterClient.swift; sourceTree = "<group>"; };
		B0B5DF812BDE42ED000AD8A1 /* Character+Mock.swift */ = {isa = PBXFileReference; lastKnownFileType = sourcecode.swift; path = "Character+Mock.swift"; sourceTree = "<group>"; };
		B0C8FCD72BEA782E00733F29 /* avatar52.jpeg */ = {isa = PBXFileReference; lastKnownFileType = image.jpeg; path = avatar52.jpeg; sourceTree = "<group>"; };
/* End PBXFileReference section */

/* Begin PBXFrameworksBuildPhase section */
		B0B5DF272BDE133A000AD8A1 /* Frameworks */ = {
			isa = PBXFrameworksBuildPhase;
			buildActionMask = 2147483647;
			files = (
			);
			runOnlyForDeploymentPostprocessing = 0;
		};
		B0B5DF372BDE133D000AD8A1 /* Frameworks */ = {
			isa = PBXFrameworksBuildPhase;
			buildActionMask = 2147483647;
			files = (
			);
			runOnlyForDeploymentPostprocessing = 0;
		};
/* End PBXFrameworksBuildPhase section */

/* Begin PBXGroup section */
		B0B5DF212BDE133A000AD8A1 = {
			isa = PBXGroup;
			children = (
				B0B5DF2C2BDE133A000AD8A1 /* RickMortyApp */,
				B0B5DF3D2BDE133D000AD8A1 /* RickMortyAppTests */,
				B0B5DF2B2BDE133A000AD8A1 /* Products */,
			);
			sourceTree = "<group>";
		};
		B0B5DF2B2BDE133A000AD8A1 /* Products */ = {
			isa = PBXGroup;
			children = (
				B0B5DF2A2BDE133A000AD8A1 /* RickMortyApp.app */,
				B0B5DF3A2BDE133D000AD8A1 /* RickMortyAppTests.xctest */,
			);
			name = Products;
			sourceTree = "<group>";
		};
		B0B5DF2C2BDE133A000AD8A1 /* RickMortyApp */ = {
			isa = PBXGroup;
			children = (
				B0B5DF2D2BDE133A000AD8A1 /* RickMortyAppApp.swift */,
				B0B5DF572BDE134B000AD8A1 /* Views */,
				B0B5DF582BDE13A7000AD8A1 /* ViewModels */,
				B0B5DF592BDE13B8000AD8A1 /* Models */,
				B0B5DF5A2BDE1492000AD8A1 /* Services */,
				B0B5DF5D2BDE1CC7000AD8A1 /* Utilities */,
				B0B5DF312BDE133C000AD8A1 /* Assets.xcassets */,
				B0B5DF332BDE133C000AD8A1 /* Preview Content */,
			);
			path = RickMortyApp;
			sourceTree = "<group>";
		};
		B0B5DF332BDE133C000AD8A1 /* Preview Content */ = {
			isa = PBXGroup;
			children = (
				B0B5DF342BDE133C000AD8A1 /* Preview Assets.xcassets */,
			);
			path = "Preview Content";
			sourceTree = "<group>";
		};
		B0B5DF3D2BDE133D000AD8A1 /* RickMortyAppTests */ = {
			isa = PBXGroup;
			children = (
				B0B5DF832BDE43DF000AD8A1 /* Cases */,
				B0B5DF7B2BDE4203000AD8A1 /* Mocks */,
				B0B5DF802BDE42DB000AD8A1 /* Extensions */,
				B0C8FCD62BEA782100733F29 /* Resources */,
			);
			path = RickMortyAppTests;
			sourceTree = "<group>";
		};
		B0B5DF572BDE134B000AD8A1 /* Views */ = {
			isa = PBXGroup;
			children = (
				B0B5DF792BDE405C000AD8A1 /* Launch Screen.storyboard */,
				B0B5DF2F2BDE133A000AD8A1 /* CharactersListView.swift */,
				B0B5DF6B2BDE3625000AD8A1 /* CharacterCell.swift */,
				B0B5DF712BDE39E9000AD8A1 /* CharacterDetailView.swift */,
				B0B5DF772BDE3E9D000AD8A1 /* ImageLoadingView.swift */,
			);
			path = Views;
			sourceTree = "<group>";
		};
		B0B5DF582BDE13A7000AD8A1 /* ViewModels */ = {
			isa = PBXGroup;
			children = (
				B0B5DF6D2BDE366B000AD8A1 /* CharacterCellViewModel.swift */,
				B0B5DF6F2BDE37D5000AD8A1 /* CharacterListViewModel.swift */,
				B0B5DF752BDE3E51000AD8A1 /* ImageLoaderViewModel.swift */,
			);
			path = ViewModels;
			sourceTree = "<group>";
		};
		B0B5DF592BDE13B8000AD8A1 /* Models */ = {
			isa = PBXGroup;
			children = (
				B0B5DF5B2BDE1BB0000AD8A1 /* Character.swift */,
			);
			path = Models;
			sourceTree = "<group>";
		};
		B0B5DF5A2BDE1492000AD8A1 /* Services */ = {
			isa = PBXGroup;
			children = (
				B0B5DF652BDE3586000AD8A1 /* CharacterService.swift */,
				B0B5DF672BDE3596000AD8A1 /* CharacterClient.swift */,
				B0B5DF692BDE35A3000AD8A1 /* CharacterPreviewClient.swift */,
			);
			path = Services;
			sourceTree = "<group>";
		};
		B0B5DF5D2BDE1CC7000AD8A1 /* Utilities */ = {
			isa = PBXGroup;
			children = (
				B0B5DF602BDE1D30000AD8A1 /* Constants.swift */,
				B0B5DF5E2BDE1D25000AD8A1 /* HttpClient.swift */,
			);
			path = Utilities;
			sourceTree = "<group>";
		};
		B0B5DF7B2BDE4203000AD8A1 /* Mocks */ = {
			isa = PBXGroup;
			children = (
				B0B5DF7C2BDE423B000AD8A1 /* resources_list.json */,
				B0B5DF7E2BDE428C000AD8A1 /* MockCharacterClient.swift */,
			);
			path = Mocks;
			sourceTree = "<group>";
		};
		B0B5DF802BDE42DB000AD8A1 /* Extensions */ = {
			isa = PBXGroup;
			children = (
				B0B5DF812BDE42ED000AD8A1 /* Character+Mock.swift */,
			);
			path = Extensions;
			sourceTree = "<group>";
		};
		B0B5DF832BDE43DF000AD8A1 /* Cases */ = {
			isa = PBXGroup;
			children = (
				B0B5DF3E2BDE133D000AD8A1 /* CharacterListViewModelTest.swift */,
				B08FF7C52BE4F48B005337A2 /* ImageLoaderTest.swift */,
			);
			path = Cases;
			sourceTree = "<group>";
		};
		B0C8FCD62BEA782100733F29 /* Resources */ = {
			isa = PBXGroup;
			children = (
				B0C8FCD72BEA782E00733F29 /* avatar52.jpeg */,
			);
			path = Resources;
			sourceTree = "<group>";
		};
/* End PBXGroup section */

/* Begin PBXNativeTarget section */
		B0B5DF292BDE133A000AD8A1 /* RickMortyApp */ = {
			isa = PBXNativeTarget;
			buildConfigurationList = B0B5DF4E2BDE133E000AD8A1 /* Build configuration list for PBXNativeTarget "RickMortyApp" */;
			buildPhases = (
				B0B5DF262BDE133A000AD8A1 /* Sources */,
				B0B5DF272BDE133A000AD8A1 /* Frameworks */,
				B0B5DF282BDE133A000AD8A1 /* Resources */,
			);
			buildRules = (
			);
			dependencies = (
			);
			name = RickMortyApp;
			productName = RickMortyApp;
			productReference = B0B5DF2A2BDE133A000AD8A1 /* RickMortyApp.app */;
			productType = "com.apple.product-type.application";
		};
		B0B5DF392BDE133D000AD8A1 /* RickMortyAppTests */ = {
			isa = PBXNativeTarget;
			buildConfigurationList = B0B5DF512BDE133E000AD8A1 /* Build configuration list for PBXNativeTarget "RickMortyAppTests" */;
			buildPhases = (
				B0B5DF362BDE133D000AD8A1 /* Sources */,
				B0B5DF372BDE133D000AD8A1 /* Frameworks */,
				B0B5DF382BDE133D000AD8A1 /* Resources */,
			);
			buildRules = (
			);
			dependencies = (
				B0B5DF3C2BDE133D000AD8A1 /* PBXTargetDependency */,
			);
			name = RickMortyAppTests;
			productName = RickMortyAppTests;
			productReference = B0B5DF3A2BDE133D000AD8A1 /* RickMortyAppTests.xctest */;
			productType = "com.apple.product-type.bundle.unit-test";
		};
/* End PBXNativeTarget section */

/* Begin PBXProject section */
		B0B5DF222BDE133A000AD8A1 /* Project object */ = {
			isa = PBXProject;
			attributes = {
				BuildIndependentTargetsInParallel = 1;
				LastSwiftUpdateCheck = 1530;
				LastUpgradeCheck = 1530;
				TargetAttributes = {
					B0B5DF292BDE133A000AD8A1 = {
						CreatedOnToolsVersion = 15.3;
					};
					B0B5DF392BDE133D000AD8A1 = {
						CreatedOnToolsVersion = 15.3;
						TestTargetID = B0B5DF292BDE133A000AD8A1;
					};
				};
			};
			buildConfigurationList = B0B5DF252BDE133A000AD8A1 /* Build configuration list for PBXProject "RickMortyApp" */;
			compatibilityVersion = "Xcode 14.0";
			developmentRegion = en;
			hasScannedForEncodings = 0;
			knownRegions = (
				en,
				Base,
			);
			mainGroup = B0B5DF212BDE133A000AD8A1;
			productRefGroup = B0B5DF2B2BDE133A000AD8A1 /* Products */;
			projectDirPath = "";
			projectRoot = "";
			targets = (
				B0B5DF292BDE133A000AD8A1 /* RickMortyApp */,
				B0B5DF392BDE133D000AD8A1 /* RickMortyAppTests */,
			);
		};
/* End PBXProject section */

/* Begin PBXResourcesBuildPhase section */
		B0B5DF282BDE133A000AD8A1 /* Resources */ = {
			isa = PBXResourcesBuildPhase;
			buildActionMask = 2147483647;
			files = (
				B0C8FCD22BEA6E9A00733F29 /* resources_list.json in Resources */,
				B0B5DF7A2BDE405C000AD8A1 /* Launch Screen.storyboard in Resources */,
				B0B5DF352BDE133C000AD8A1 /* Preview Assets.xcassets in Resources */,
				B0B5DF322BDE133C000AD8A1 /* Assets.xcassets in Resources */,
			);
			runOnlyForDeploymentPostprocessing = 0;
		};
		B0B5DF382BDE133D000AD8A1 /* Resources */ = {
			isa = PBXResourcesBuildPhase;
			buildActionMask = 2147483647;
			files = (
				B0C8FCD82BEA782E00733F29 /* avatar52.jpeg in Resources */,
				B0C8FCD32BEA715B00733F29 /* Assets.xcassets in Resources */,
				B03F19B62BDE463B003DB8ED /* resources_list.json in Resources */,
			);
			runOnlyForDeploymentPostprocessing = 0;
		};
/* End PBXResourcesBuildPhase section */

/* Begin PBXSourcesBuildPhase section */
		B0B5DF262BDE133A000AD8A1 /* Sources */ = {
			isa = PBXSourcesBuildPhase;
			buildActionMask = 2147483647;
			files = (
				B0B5DF612BDE1D30000AD8A1 /* Constants.swift in Sources */,
				B0B5DF5C2BDE1BB0000AD8A1 /* Character.swift in Sources */,
				B0B5DF762BDE3E51000AD8A1 /* ImageLoaderViewModel.swift in Sources */,
				B0B5DF302BDE133A000AD8A1 /* CharactersListView.swift in Sources */,
				B0B5DF722BDE39E9000AD8A1 /* CharacterDetailView.swift in Sources */,
				B0B5DF782BDE3E9D000AD8A1 /* ImageLoadingView.swift in Sources */,
				B0B5DF6C2BDE3625000AD8A1 /* CharacterCell.swift in Sources */,
				B0B5DF662BDE3586000AD8A1 /* CharacterService.swift in Sources */,
				B0B5DF5F2BDE1D25000AD8A1 /* HttpClient.swift in Sources */,
				B0B5DF6A2BDE35A3000AD8A1 /* CharacterPreviewClient.swift in Sources */,
				B0B5DF2E2BDE133A000AD8A1 /* RickMortyAppApp.swift in Sources */,
				B0B5DF6E2BDE366B000AD8A1 /* CharacterCellViewModel.swift in Sources */,
				B0C8FCD02BEA6E1F00733F29 /* Character+Mock.swift in Sources */,
				B0B5DF702BDE37D5000AD8A1 /* CharacterListViewModel.swift in Sources */,
				B0B5DF682BDE3596000AD8A1 /* CharacterClient.swift in Sources */,
			);
			runOnlyForDeploymentPostprocessing = 0;
		};
		B0B5DF362BDE133D000AD8A1 /* Sources */ = {
			isa = PBXSourcesBuildPhase;
			buildActionMask = 2147483647;
			files = (
				B0B5DF7D2BDE423B000AD8A1 /* resources_list.json in Sources */,
				B0B5DF822BDE42ED000AD8A1 /* Character+Mock.swift in Sources */,
				B0B5DF7F2BDE428C000AD8A1 /* MockCharacterClient.swift in Sources */,
				B0B5DF3F2BDE133D000AD8A1 /* CharacterListViewModelTest.swift in Sources */,
				B08FF7C62BE4F48B005337A2 /* ImageLoaderTest.swift in Sources */,
			);
			runOnlyForDeploymentPostprocessing = 0;
		};
/* End PBXSourcesBuildPhase section */

/* Begin PBXTargetDependency section */
		B0B5DF3C2BDE133D000AD8A1 /* PBXTargetDependency */ = {
			isa = PBXTargetDependency;
			target = B0B5DF292BDE133A000AD8A1 /* RickMortyApp */;
			targetProxy = B0B5DF3B2BDE133D000AD8A1 /* PBXContainerItemProxy */;
		};
/* End PBXTargetDependency section */

/* Begin XCBuildConfiguration section */
		B0B5DF4C2BDE133E000AD8A1 /* Debug */ = {
			isa = XCBuildConfiguration;
			buildSettings = {
				ALWAYS_SEARCH_USER_PATHS = NO;
				ASSETCATALOG_COMPILER_GENERATE_SWIFT_ASSET_SYMBOL_EXTENSIONS = YES;
				CLANG_ANALYZER_NONNULL = YES;
				CLANG_ANALYZER_NUMBER_OBJECT_CONVERSION = YES_AGGRESSIVE;
				CLANG_CXX_LANGUAGE_STANDARD = "gnu++20";
				CLANG_ENABLE_MODULES = YES;
				CLANG_ENABLE_OBJC_ARC = YES;
				CLANG_ENABLE_OBJC_WEAK = YES;
				CLANG_WARN_BLOCK_CAPTURE_AUTORELEASING = YES;
				CLANG_WARN_BOOL_CONVERSION = YES;
				CLANG_WARN_COMMA = YES;
				CLANG_WARN_CONSTANT_CONVERSION = YES;
				CLANG_WARN_DEPRECATED_OBJC_IMPLEMENTATIONS = YES;
				CLANG_WARN_DIRECT_OBJC_ISA_USAGE = YES_ERROR;
				CLANG_WARN_DOCUMENTATION_COMMENTS = YES;
				CLANG_WARN_EMPTY_BODY = YES;
				CLANG_WARN_ENUM_CONVERSION = YES;
				CLANG_WARN_INFINITE_RECURSION = YES;
				CLANG_WARN_INT_CONVERSION = YES;
				CLANG_WARN_NON_LITERAL_NULL_CONVERSION = YES;
				CLANG_WARN_OBJC_IMPLICIT_RETAIN_SELF = YES;
				CLANG_WARN_OBJC_LITERAL_CONVERSION = YES;
				CLANG_WARN_OBJC_ROOT_CLASS = YES_ERROR;
				CLANG_WARN_QUOTED_INCLUDE_IN_FRAMEWORK_HEADER = YES;
				CLANG_WARN_RANGE_LOOP_ANALYSIS = YES;
				CLANG_WARN_STRICT_PROTOTYPES = YES;
				CLANG_WARN_SUSPICIOUS_MOVE = YES;
				CLANG_WARN_UNGUARDED_AVAILABILITY = YES_AGGRESSIVE;
				CLANG_WARN_UNREACHABLE_CODE = YES;
				CLANG_WARN__DUPLICATE_METHOD_MATCH = YES;
				COPY_PHASE_STRIP = NO;
				DEBUG_INFORMATION_FORMAT = dwarf;
				ENABLE_STRICT_OBJC_MSGSEND = YES;
				ENABLE_TESTABILITY = YES;
				ENABLE_USER_SCRIPT_SANDBOXING = YES;
				GCC_C_LANGUAGE_STANDARD = gnu17;
				GCC_DYNAMIC_NO_PIC = NO;
				GCC_NO_COMMON_BLOCKS = YES;
				GCC_OPTIMIZATION_LEVEL = 0;
				GCC_PREPROCESSOR_DEFINITIONS = (
					"DEBUG=1",
					"$(inherited)",
				);
				GCC_WARN_64_TO_32_BIT_CONVERSION = YES;
				GCC_WARN_ABOUT_RETURN_TYPE = YES_ERROR;
				GCC_WARN_UNDECLARED_SELECTOR = YES;
				GCC_WARN_UNINITIALIZED_AUTOS = YES_AGGRESSIVE;
				GCC_WARN_UNUSED_FUNCTION = YES;
				GCC_WARN_UNUSED_VARIABLE = YES;
				IPHONEOS_DEPLOYMENT_TARGET = 17.4;
				LOCALIZATION_PREFERS_STRING_CATALOGS = YES;
				MTL_ENABLE_DEBUG_INFO = INCLUDE_SOURCE;
				MTL_FAST_MATH = YES;
				ONLY_ACTIVE_ARCH = YES;
				SDKROOT = iphoneos;
				SWIFT_ACTIVE_COMPILATION_CONDITIONS = "DEBUG $(inherited)";
				SWIFT_OPTIMIZATION_LEVEL = "-Onone";
			};
			name = Debug;
		};
		B0B5DF4D2BDE133E000AD8A1 /* Release */ = {
			isa = XCBuildConfiguration;
			buildSettings = {
				ALWAYS_SEARCH_USER_PATHS = NO;
				ASSETCATALOG_COMPILER_GENERATE_SWIFT_ASSET_SYMBOL_EXTENSIONS = YES;
				CLANG_ANALYZER_NONNULL = YES;
				CLANG_ANALYZER_NUMBER_OBJECT_CONVERSION = YES_AGGRESSIVE;
				CLANG_CXX_LANGUAGE_STANDARD = "gnu++20";
				CLANG_ENABLE_MODULES = YES;
				CLANG_ENABLE_OBJC_ARC = YES;
				CLANG_ENABLE_OBJC_WEAK = YES;
				CLANG_WARN_BLOCK_CAPTURE_AUTORELEASING = YES;
				CLANG_WARN_BOOL_CONVERSION = YES;
				CLANG_WARN_COMMA = YES;
				CLANG_WARN_CONSTANT_CONVERSION = YES;
				CLANG_WARN_DEPRECATED_OBJC_IMPLEMENTATIONS = YES;
				CLANG_WARN_DIRECT_OBJC_ISA_USAGE = YES_ERROR;
				CLANG_WARN_DOCUMENTATION_COMMENTS = YES;
				CLANG_WARN_EMPTY_BODY = YES;
				CLANG_WARN_ENUM_CONVERSION = YES;
				CLANG_WARN_INFINITE_RECURSION = YES;
				CLANG_WARN_INT_CONVERSION = YES;
				CLANG_WARN_NON_LITERAL_NULL_CONVERSION = YES;
				CLANG_WARN_OBJC_IMPLICIT_RETAIN_SELF = YES;
				CLANG_WARN_OBJC_LITERAL_CONVERSION = YES;
				CLANG_WARN_OBJC_ROOT_CLASS = YES_ERROR;
				CLANG_WARN_QUOTED_INCLUDE_IN_FRAMEWORK_HEADER = YES;
				CLANG_WARN_RANGE_LOOP_ANALYSIS = YES;
				CLANG_WARN_STRICT_PROTOTYPES = YES;
				CLANG_WARN_SUSPICIOUS_MOVE = YES;
				CLANG_WARN_UNGUARDED_AVAILABILITY = YES_AGGRESSIVE;
				CLANG_WARN_UNREACHABLE_CODE = YES;
				CLANG_WARN__DUPLICATE_METHOD_MATCH = YES;
				COPY_PHASE_STRIP = NO;
				DEBUG_INFORMATION_FORMAT = "dwarf-with-dsym";
				ENABLE_NS_ASSERTIONS = NO;
				ENABLE_STRICT_OBJC_MSGSEND = YES;
				ENABLE_USER_SCRIPT_SANDBOXING = YES;
				GCC_C_LANGUAGE_STANDARD = gnu17;
				GCC_NO_COMMON_BLOCKS = YES;
				GCC_WARN_64_TO_32_BIT_CONVERSION = YES;
				GCC_WARN_ABOUT_RETURN_TYPE = YES_ERROR;
				GCC_WARN_UNDECLARED_SELECTOR = YES;
				GCC_WARN_UNINITIALIZED_AUTOS = YES_AGGRESSIVE;
				GCC_WARN_UNUSED_FUNCTION = YES;
				GCC_WARN_UNUSED_VARIABLE = YES;
				IPHONEOS_DEPLOYMENT_TARGET = 17.4;
				LOCALIZATION_PREFERS_STRING_CATALOGS = YES;
				MTL_ENABLE_DEBUG_INFO = NO;
				MTL_FAST_MATH = YES;
				SDKROOT = iphoneos;
				SWIFT_COMPILATION_MODE = wholemodule;
				VALIDATE_PRODUCT = YES;
			};
			name = Release;
		};
		B0B5DF4F2BDE133E000AD8A1 /* Debug */ = {
			isa = XCBuildConfiguration;
			buildSettings = {
				ASSETCATALOG_COMPILER_APPICON_NAME = AppIcon;
				ASSETCATALOG_COMPILER_GLOBAL_ACCENT_COLOR_NAME = AccentColor;
				CODE_SIGN_STYLE = Automatic;
				CURRENT_PROJECT_VERSION = 1;
				DEVELOPMENT_ASSET_PATHS = "\"RickMortyApp/Preview Content\"";
				DEVELOPMENT_TEAM = 7RDSPLH3W5;
				ENABLE_PREVIEWS = YES;
				GENERATE_INFOPLIST_FILE = YES;
				INFOPLIST_KEY_LSApplicationCategoryType = "public.app-category.education";
				INFOPLIST_KEY_UIApplicationSceneManifest_Generation = YES;
				INFOPLIST_KEY_UIApplicationSupportsIndirectInputEvents = YES;
				INFOPLIST_KEY_UILaunchScreen_Generation = YES;
				INFOPLIST_KEY_UILaunchStoryboardName = "Launch Screen.storyboard";
				INFOPLIST_KEY_UISupportedInterfaceOrientations_iPad = "UIInterfaceOrientationPortrait UIInterfaceOrientationPortraitUpsideDown UIInterfaceOrientationLandscapeLeft UIInterfaceOrientationLandscapeRight";
				INFOPLIST_KEY_UISupportedInterfaceOrientations_iPhone = "UIInterfaceOrientationPortrait UIInterfaceOrientationLandscapeLeft UIInterfaceOrientationLandscapeRight";
				IPHONEOS_DEPLOYMENT_TARGET = 17.0;
				LD_RUNPATH_SEARCH_PATHS = (
					"$(inherited)",
					"@executable_path/Frameworks",
				);
				MARKETING_VERSION = 1.0;
				PRODUCT_BUNDLE_IDENTIFIER = com.study.RickMortyApp;
				PRODUCT_NAME = "$(TARGET_NAME)";
				SUPPORTED_PLATFORMS = "iphoneos iphonesimulator";
				SUPPORTS_MACCATALYST = NO;
				SUPPORTS_MAC_DESIGNED_FOR_IPHONE_IPAD = NO;
				SUPPORTS_XR_DESIGNED_FOR_IPHONE_IPAD = NO;
				SWIFT_EMIT_LOC_STRINGS = YES;
				SWIFT_VERSION = 5.0;
				TARGETED_DEVICE_FAMILY = 1;
			};
			name = Debug;
		};
		B0B5DF502BDE133E000AD8A1 /* Release */ = {
			isa = XCBuildConfiguration;
			buildSettings = {
				ASSETCATALOG_COMPILER_APPICON_NAME = AppIcon;
				ASSETCATALOG_COMPILER_GLOBAL_ACCENT_COLOR_NAME = AccentColor;
				CODE_SIGN_STYLE = Automatic;
				CURRENT_PROJECT_VERSION = 1;
				DEVELOPMENT_ASSET_PATHS = "\"RickMortyApp/Preview Content\"";
				DEVELOPMENT_TEAM = 7RDSPLH3W5;
				ENABLE_PREVIEWS = YES;
				GENERATE_INFOPLIST_FILE = YES;
				INFOPLIST_KEY_LSApplicationCategoryType = "public.app-category.education";
				INFOPLIST_KEY_UIApplicationSceneManifest_Generation = YES;
				INFOPLIST_KEY_UIApplicationSupportsIndirectInputEvents = YES;
				INFOPLIST_KEY_UILaunchScreen_Generation = YES;
				INFOPLIST_KEY_UILaunchStoryboardName = "Launch Screen.storyboard";
				INFOPLIST_KEY_UISupportedInterfaceOrientations_iPad = "UIInterfaceOrientationPortrait UIInterfaceOrientationPortraitUpsideDown UIInterfaceOrientationLandscapeLeft UIInterfaceOrientationLandscapeRight";
				INFOPLIST_KEY_UISupportedInterfaceOrientations_iPhone = "UIInterfaceOrientationPortrait UIInterfaceOrientationLandscapeLeft UIInterfaceOrientationLandscapeRight";
				IPHONEOS_DEPLOYMENT_TARGET = 17.0;
				LD_RUNPATH_SEARCH_PATHS = (
					"$(inherited)",
					"@executable_path/Frameworks",
				);
				MARKETING_VERSION = 1.0;
				PRODUCT_BUNDLE_IDENTIFIER = com.study.RickMortyApp;
				PRODUCT_NAME = "$(TARGET_NAME)";
				SUPPORTED_PLATFORMS = "iphoneos iphonesimulator";
				SUPPORTS_MACCATALYST = NO;
				SUPPORTS_MAC_DESIGNED_FOR_IPHONE_IPAD = NO;
				SUPPORTS_XR_DESIGNED_FOR_IPHONE_IPAD = NO;
				SWIFT_EMIT_LOC_STRINGS = YES;
				SWIFT_VERSION = 5.0;
				TARGETED_DEVICE_FAMILY = 1;
			};
			name = Release;
		};
		B0B5DF522BDE133E000AD8A1 /* Debug */ = {
			isa = XCBuildConfiguration;
			buildSettings = {
				ALWAYS_EMBED_SWIFT_STANDARD_LIBRARIES = YES;
				BUNDLE_LOADER = "$(TEST_HOST)";
				CODE_SIGN_STYLE = Automatic;
				CURRENT_PROJECT_VERSION = 1;
				DEVELOPMENT_TEAM = 7RDSPLH3W5;
				GENERATE_INFOPLIST_FILE = YES;
				IPHONEOS_DEPLOYMENT_TARGET = 17.0;
				MARKETING_VERSION = 1.0;
				PRODUCT_BUNDLE_IDENTIFIER = com.study.RickMortyAppTests;
				PRODUCT_NAME = "$(TARGET_NAME)";
				SUPPORTED_PLATFORMS = "iphoneos iphonesimulator";
				SUPPORTS_MACCATALYST = NO;
				SUPPORTS_MAC_DESIGNED_FOR_IPHONE_IPAD = NO;
				SUPPORTS_XR_DESIGNED_FOR_IPHONE_IPAD = NO;
				SWIFT_EMIT_LOC_STRINGS = NO;
				SWIFT_VERSION = 5.0;
				TARGETED_DEVICE_FAMILY = 1;
				TEST_HOST = "$(BUILT_PRODUCTS_DIR)/RickMortyApp.app/$(BUNDLE_EXECUTABLE_FOLDER_PATH)/RickMortyApp";
			};
			name = Debug;
		};
		B0B5DF532BDE133E000AD8A1 /* Release */ = {
			isa = XCBuildConfiguration;
			buildSettings = {
				ALWAYS_EMBED_SWIFT_STANDARD_LIBRARIES = YES;
				BUNDLE_LOADER = "$(TEST_HOST)";
				CODE_SIGN_STYLE = Automatic;
				CURRENT_PROJECT_VERSION = 1;
				DEVELOPMENT_TEAM = 7RDSPLH3W5;
				GENERATE_INFOPLIST_FILE = YES;
				IPHONEOS_DEPLOYMENT_TARGET = 17.0;
				MARKETING_VERSION = 1.0;
				PRODUCT_BUNDLE_IDENTIFIER = com.study.RickMortyAppTests;
				PRODUCT_NAME = "$(TARGET_NAME)";
				SUPPORTED_PLATFORMS = "iphoneos iphonesimulator";
				SUPPORTS_MACCATALYST = NO;
				SUPPORTS_MAC_DESIGNED_FOR_IPHONE_IPAD = NO;
				SUPPORTS_XR_DESIGNED_FOR_IPHONE_IPAD = NO;
				SWIFT_EMIT_LOC_STRINGS = NO;
				SWIFT_VERSION = 5.0;
				TARGETED_DEVICE_FAMILY = 1;
				TEST_HOST = "$(BUILT_PRODUCTS_DIR)/RickMortyApp.app/$(BUNDLE_EXECUTABLE_FOLDER_PATH)/RickMortyApp";
			};
			name = Release;
		};
/* End XCBuildConfiguration section */

/* Begin XCConfigurationList section */
		B0B5DF252BDE133A000AD8A1 /* Build configuration list for PBXProject "RickMortyApp" */ = {
			isa = XCConfigurationList;
			buildConfigurations = (
				B0B5DF4C2BDE133E000AD8A1 /* Debug */,
				B0B5DF4D2BDE133E000AD8A1 /* Release */,
			);
			defaultConfigurationIsVisible = 0;
			defaultConfigurationName = Release;
		};
		B0B5DF4E2BDE133E000AD8A1 /* Build configuration list for PBXNativeTarget "RickMortyApp" */ = {
			isa = XCConfigurationList;
			buildConfigurations = (
				B0B5DF4F2BDE133E000AD8A1 /* Debug */,
				B0B5DF502BDE133E000AD8A1 /* Release */,
			);
			defaultConfigurationIsVisible = 0;
			defaultConfigurationName = Release;
		};
		B0B5DF512BDE133E000AD8A1 /* Build configuration list for PBXNativeTarget "RickMortyAppTests" */ = {
			isa = XCConfigurationList;
			buildConfigurations = (
				B0B5DF522BDE133E000AD8A1 /* Debug */,
				B0B5DF532BDE133E000AD8A1 /* Release */,
			);
			defaultConfigurationIsVisible = 0;
			defaultConfigurationName = Release;
		};
/* End XCConfigurationList section */
	};
	rootObject = B0B5DF222BDE133A000AD8A1 /* Project object */;
}
